// !$*UTF8*$!
{
	archiveVersion = 1;
	classes = {
	};
	objectVersion = 56;
	objects = {

/* Begin PBXBuildFile section */
		05BCB82C2B84989700C27885 /* AppDelegate.swift in Sources */ = {isa = PBXBuildFile; fileRef = 05BCB82B2B84989700C27885 /* AppDelegate.swift */; };
		05BCB82E2B84989700C27885 /* SceneDelegate.swift in Sources */ = {isa = PBXBuildFile; fileRef = 05BCB82D2B84989700C27885 /* SceneDelegate.swift */; };
		05BCB8302B84989700C27885 /* ViewController.swift in Sources */ = {isa = PBXBuildFile; fileRef = 05BCB82F2B84989700C27885 /* ViewController.swift */; };
		05BCB8352B8498B200C27885 /* Assets.xcassets in Resources */ = {isa = PBXBuildFile; fileRef = 05BCB8342B8498B200C27885 /* Assets.xcassets */; };
		05BCB8382B8498B200C27885 /* LaunchScreen.storyboard in Resources */ = {isa = PBXBuildFile; fileRef = 05BCB8362B8498B200C27885 /* LaunchScreen.storyboard */; };
		05BCB8452B84A83400C27885 /* UIFont+Extension.swift in Sources */ = {isa = PBXBuildFile; fileRef = 05BCB8442B84A83400C27885 /* UIFont+Extension.swift */; };
		05BCB8542B84B20200C27885 /* Roboto-Medium.ttf in Resources */ = {isa = PBXBuildFile; fileRef = 05BCB8472B84B20200C27885 /* Roboto-Medium.ttf */; };
		05BCB8552B84B20200C27885 /* Roboto-Light.ttf in Resources */ = {isa = PBXBuildFile; fileRef = 05BCB8482B84B20200C27885 /* Roboto-Light.ttf */; };
		05BCB8562B84B20200C27885 /* Roboto-Regular.ttf in Resources */ = {isa = PBXBuildFile; fileRef = 05BCB8492B84B20200C27885 /* Roboto-Regular.ttf */; };
		05BCB8572B84B20200C27885 /* Roboto-MediumItalic.ttf in Resources */ = {isa = PBXBuildFile; fileRef = 05BCB84A2B84B20200C27885 /* Roboto-MediumItalic.ttf */; };
		05BCB8582B84B20200C27885 /* Roboto-ThinItalic.ttf in Resources */ = {isa = PBXBuildFile; fileRef = 05BCB84B2B84B20200C27885 /* Roboto-ThinItalic.ttf */; };
		05BCB8592B84B20200C27885 /* Roboto-BoldItalic.ttf in Resources */ = {isa = PBXBuildFile; fileRef = 05BCB84C2B84B20200C27885 /* Roboto-BoldItalic.ttf */; };
		05BCB85A2B84B20200C27885 /* Roboto-LightItalic.ttf in Resources */ = {isa = PBXBuildFile; fileRef = 05BCB84D2B84B20200C27885 /* Roboto-LightItalic.ttf */; };
		05BCB85B2B84B20200C27885 /* Roboto-Italic.ttf in Resources */ = {isa = PBXBuildFile; fileRef = 05BCB84E2B84B20200C27885 /* Roboto-Italic.ttf */; };
		05BCB85C2B84B20200C27885 /* LICENSE.txt in Resources */ = {isa = PBXBuildFile; fileRef = 05BCB84F2B84B20200C27885 /* LICENSE.txt */; };
		05BCB85D2B84B20200C27885 /* Roboto-BlackItalic.ttf in Resources */ = {isa = PBXBuildFile; fileRef = 05BCB8502B84B20200C27885 /* Roboto-BlackItalic.ttf */; };
		05BCB85E2B84B20200C27885 /* Roboto-Bold.ttf in Resources */ = {isa = PBXBuildFile; fileRef = 05BCB8512B84B20200C27885 /* Roboto-Bold.ttf */; };
		05BCB85F2B84B20200C27885 /* Roboto-Thin.ttf in Resources */ = {isa = PBXBuildFile; fileRef = 05BCB8522B84B20200C27885 /* Roboto-Thin.ttf */; };
		05BCB8602B84B20200C27885 /* Roboto-Black.ttf in Resources */ = {isa = PBXBuildFile; fileRef = 05BCB8532B84B20200C27885 /* Roboto-Black.ttf */; };
		05BCB8622B84B4F600C27885 /* UIColor+Extension.swift in Sources */ = {isa = PBXBuildFile; fileRef = 05BCB8612B84B4F600C27885 /* UIColor+Extension.swift */; };
		05BCB8642B84B5FE00C27885 /* AppColors.swift in Sources */ = {isa = PBXBuildFile; fileRef = 05BCB8632B84B5FE00C27885 /* AppColors.swift */; };
		05BCB8692B8608F700C27885 /* Coordinator.swift in Sources */ = {isa = PBXBuildFile; fileRef = 05BCB8682B8608F700C27885 /* Coordinator.swift */; };
		05BCB86B2B860D6600C27885 /* AppCoordinator.swift in Sources */ = {isa = PBXBuildFile; fileRef = 05BCB86A2B860D6600C27885 /* AppCoordinator.swift */; };
		05BCB86D2B860EB700C27885 /* OnboardingCoordinator.swift in Sources */ = {isa = PBXBuildFile; fileRef = 05BCB86C2B860EB700C27885 /* OnboardingCoordinator.swift */; };
		05BCB86F2B866DE700C27885 /* HomeCoordinator.swift in Sources */ = {isa = PBXBuildFile; fileRef = 05BCB86E2B866DE700C27885 /* HomeCoordinator.swift */; };
		05BCB8712B866DF500C27885 /* OrderCoordinator.swift in Sources */ = {isa = PBXBuildFile; fileRef = 05BCB8702B866DF500C27885 /* OrderCoordinator.swift */; };
		05BCB8732B866DFF00C27885 /* ListCoordinator.swift in Sources */ = {isa = PBXBuildFile; fileRef = 05BCB8722B866DFF00C27885 /* ListCoordinator.swift */; };
		05BCB8752B866E1000C27885 /* ProfileCoordinator.swift in Sources */ = {isa = PBXBuildFile; fileRef = 05BCB8742B866E1000C27885 /* ProfileCoordinator.swift */; };
		05BCB8772B866EBA00C27885 /* TabBarController.swift in Sources */ = {isa = PBXBuildFile; fileRef = 05BCB8762B866EBA00C27885 /* TabBarController.swift */; };
		05BCB87B2B8786A600C27885 /* OnboardingViewController.swift in Sources */ = {isa = PBXBuildFile; fileRef = 05BCB87A2B8786A600C27885 /* OnboardingViewController.swift */; };
		05BCB87D2B8786FA00C27885 /* OnboardingViewPresenter.swift in Sources */ = {isa = PBXBuildFile; fileRef = 05BCB87C2B8786FA00C27885 /* OnboardingViewPresenter.swift */; };
		05BCB87F2B879A0600C27885 /* OnboardingPartViewController.swift in Sources */ = {isa = PBXBuildFile; fileRef = 05BCB87E2B879A0500C27885 /* OnboardingPartViewController.swift */; };
/* End PBXBuildFile section */

/* Begin PBXFileReference section */
		05BCB8282B84989700C27885 /* FoodDeliveryApp.app */ = {isa = PBXFileReference; explicitFileType = wrapper.application; includeInIndex = 0; path = FoodDeliveryApp.app; sourceTree = BUILT_PRODUCTS_DIR; };
		05BCB82B2B84989700C27885 /* AppDelegate.swift */ = {isa = PBXFileReference; lastKnownFileType = sourcecode.swift; path = AppDelegate.swift; sourceTree = "<group>"; };
		05BCB82D2B84989700C27885 /* SceneDelegate.swift */ = {isa = PBXFileReference; lastKnownFileType = sourcecode.swift; path = SceneDelegate.swift; sourceTree = "<group>"; };
		05BCB82F2B84989700C27885 /* ViewController.swift */ = {isa = PBXFileReference; lastKnownFileType = sourcecode.swift; path = ViewController.swift; sourceTree = "<group>"; };
		05BCB8342B8498B200C27885 /* Assets.xcassets */ = {isa = PBXFileReference; lastKnownFileType = folder.assetcatalog; path = Assets.xcassets; sourceTree = "<group>"; };
		05BCB8372B8498B200C27885 /* Base */ = {isa = PBXFileReference; lastKnownFileType = file.storyboard; name = Base; path = Base.lproj/LaunchScreen.storyboard; sourceTree = "<group>"; };
		05BCB8392B8498B200C27885 /* Info.plist */ = {isa = PBXFileReference; lastKnownFileType = text.plist.xml; path = Info.plist; sourceTree = "<group>"; };
		05BCB8442B84A83400C27885 /* UIFont+Extension.swift */ = {isa = PBXFileReference; lastKnownFileType = sourcecode.swift; path = "UIFont+Extension.swift"; sourceTree = "<group>"; };
		05BCB8472B84B20200C27885 /* Roboto-Medium.ttf */ = {isa = PBXFileReference; lastKnownFileType = file; path = "Roboto-Medium.ttf"; sourceTree = "<group>"; };
		05BCB8482B84B20200C27885 /* Roboto-Light.ttf */ = {isa = PBXFileReference; lastKnownFileType = file; path = "Roboto-Light.ttf"; sourceTree = "<group>"; };
		05BCB8492B84B20200C27885 /* Roboto-Regular.ttf */ = {isa = PBXFileReference; lastKnownFileType = file; path = "Roboto-Regular.ttf"; sourceTree = "<group>"; };
		05BCB84A2B84B20200C27885 /* Roboto-MediumItalic.ttf */ = {isa = PBXFileReference; lastKnownFileType = file; path = "Roboto-MediumItalic.ttf"; sourceTree = "<group>"; };
		05BCB84B2B84B20200C27885 /* Roboto-ThinItalic.ttf */ = {isa = PBXFileReference; lastKnownFileType = file; path = "Roboto-ThinItalic.ttf"; sourceTree = "<group>"; };
		05BCB84C2B84B20200C27885 /* Roboto-BoldItalic.ttf */ = {isa = PBXFileReference; lastKnownFileType = file; path = "Roboto-BoldItalic.ttf"; sourceTree = "<group>"; };
		05BCB84D2B84B20200C27885 /* Roboto-LightItalic.ttf */ = {isa = PBXFileReference; lastKnownFileType = file; path = "Roboto-LightItalic.ttf"; sourceTree = "<group>"; };
		05BCB84E2B84B20200C27885 /* Roboto-Italic.ttf */ = {isa = PBXFileReference; lastKnownFileType = file; path = "Roboto-Italic.ttf"; sourceTree = "<group>"; };
		05BCB84F2B84B20200C27885 /* LICENSE.txt */ = {isa = PBXFileReference; fileEncoding = 4; lastKnownFileType = text; path = LICENSE.txt; sourceTree = "<group>"; };
		05BCB8502B84B20200C27885 /* Roboto-BlackItalic.ttf */ = {isa = PBXFileReference; lastKnownFileType = file; path = "Roboto-BlackItalic.ttf"; sourceTree = "<group>"; };
		05BCB8512B84B20200C27885 /* Roboto-Bold.ttf */ = {isa = PBXFileReference; lastKnownFileType = file; path = "Roboto-Bold.ttf"; sourceTree = "<group>"; };
		05BCB8522B84B20200C27885 /* Roboto-Thin.ttf */ = {isa = PBXFileReference; lastKnownFileType = file; path = "Roboto-Thin.ttf"; sourceTree = "<group>"; };
		05BCB8532B84B20200C27885 /* Roboto-Black.ttf */ = {isa = PBXFileReference; lastKnownFileType = file; path = "Roboto-Black.ttf"; sourceTree = "<group>"; };
		05BCB8612B84B4F600C27885 /* UIColor+Extension.swift */ = {isa = PBXFileReference; lastKnownFileType = sourcecode.swift; path = "UIColor+Extension.swift"; sourceTree = "<group>"; };
		05BCB8632B84B5FE00C27885 /* AppColors.swift */ = {isa = PBXFileReference; lastKnownFileType = sourcecode.swift; path = AppColors.swift; sourceTree = "<group>"; };
		05BCB8682B8608F700C27885 /* Coordinator.swift */ = {isa = PBXFileReference; lastKnownFileType = sourcecode.swift; path = Coordinator.swift; sourceTree = "<group>"; };
		05BCB86A2B860D6600C27885 /* AppCoordinator.swift */ = {isa = PBXFileReference; lastKnownFileType = sourcecode.swift; path = AppCoordinator.swift; sourceTree = "<group>"; };
		05BCB86C2B860EB700C27885 /* OnboardingCoordinator.swift */ = {isa = PBXFileReference; lastKnownFileType = sourcecode.swift; path = OnboardingCoordinator.swift; sourceTree = "<group>"; };
		05BCB86E2B866DE700C27885 /* HomeCoordinator.swift */ = {isa = PBXFileReference; lastKnownFileType = sourcecode.swift; path = HomeCoordinator.swift; sourceTree = "<group>"; };
		05BCB8702B866DF500C27885 /* OrderCoordinator.swift */ = {isa = PBXFileReference; lastKnownFileType = sourcecode.swift; path = OrderCoordinator.swift; sourceTree = "<group>"; };
		05BCB8722B866DFF00C27885 /* ListCoordinator.swift */ = {isa = PBXFileReference; lastKnownFileType = sourcecode.swift; path = ListCoordinator.swift; sourceTree = "<group>"; };
		05BCB8742B866E1000C27885 /* ProfileCoordinator.swift */ = {isa = PBXFileReference; lastKnownFileType = sourcecode.swift; path = ProfileCoordinator.swift; sourceTree = "<group>"; };
		05BCB8762B866EBA00C27885 /* TabBarController.swift */ = {isa = PBXFileReference; lastKnownFileType = sourcecode.swift; path = TabBarController.swift; sourceTree = "<group>"; };
		05BCB87A2B8786A600C27885 /* OnboardingViewController.swift */ = {isa = PBXFileReference; lastKnownFileType = sourcecode.swift; path = OnboardingViewController.swift; sourceTree = "<group>"; };
		05BCB87C2B8786FA00C27885 /* OnboardingViewPresenter.swift */ = {isa = PBXFileReference; lastKnownFileType = sourcecode.swift; path = OnboardingViewPresenter.swift; sourceTree = "<group>"; };
		05BCB87E2B879A0500C27885 /* OnboardingPartViewController.swift */ = {isa = PBXFileReference; lastKnownFileType = sourcecode.swift; path = OnboardingPartViewController.swift; sourceTree = "<group>"; };
/* End PBXFileReference section */

/* Begin PBXFrameworksBuildPhase section */
		05BCB8252B84989700C27885 /* Frameworks */ = {
			isa = PBXFrameworksBuildPhase;
			buildActionMask = 2147483647;
			files = (
			);
			runOnlyForDeploymentPostprocessing = 0;
		};
/* End PBXFrameworksBuildPhase section */

/* Begin PBXGroup section */
		05BCB81F2B84989700C27885 = {
			isa = PBXGroup;
			children = (
				05BCB82A2B84989700C27885 /* FoodDeliveryApp */,
				05BCB8292B84989700C27885 /* Products */,
			);
			sourceTree = "<group>";
		};
		05BCB8292B84989700C27885 /* Products */ = {
			isa = PBXGroup;
			children = (
				05BCB8282B84989700C27885 /* FoodDeliveryApp.app */,
			);
			name = Products;
			sourceTree = "<group>";
		};
		05BCB82A2B84989700C27885 /* FoodDeliveryApp */ = {
			isa = PBXGroup;
			children = (
				05BCB8782B87865C00C27885 /* UILayer */,
				05BCB8652B8608C600C27885 /* NavigationLayer */,
				05BCB83F2B84A64700C27885 /* Resources */,
				05BCB82B2B84989700C27885 /* AppDelegate.swift */,
				05BCB82D2B84989700C27885 /* SceneDelegate.swift */,
				05BCB82F2B84989700C27885 /* ViewController.swift */,
				05BCB8342B8498B200C27885 /* Assets.xcassets */,
				05BCB8362B8498B200C27885 /* LaunchScreen.storyboard */,
				05BCB8392B8498B200C27885 /* Info.plist */,
			);
			path = FoodDeliveryApp;
			sourceTree = "<group>";
		};
		05BCB83F2B84A64700C27885 /* Resources */ = {
			isa = PBXGroup;
			children = (
				05BCB8432B84A82000C27885 /* Extensions */,
				05BCB8402B84A64F00C27885 /* Fonts */,
				05BCB8632B84B5FE00C27885 /* AppColors.swift */,
			);
			path = Resources;
			sourceTree = "<group>";
		};
		05BCB8402B84A64F00C27885 /* Fonts */ = {
			isa = PBXGroup;
			children = (
				05BCB8462B84B20200C27885 /* Roboto */,
			);
			path = Fonts;
			sourceTree = "<group>";
		};
		05BCB8432B84A82000C27885 /* Extensions */ = {
			isa = PBXGroup;
			children = (
				05BCB8442B84A83400C27885 /* UIFont+Extension.swift */,
				05BCB8612B84B4F600C27885 /* UIColor+Extension.swift */,
			);
			path = Extensions;
			sourceTree = "<group>";
		};
		05BCB8462B84B20200C27885 /* Roboto */ = {
			isa = PBXGroup;
			children = (
				05BCB8472B84B20200C27885 /* Roboto-Medium.ttf */,
				05BCB8482B84B20200C27885 /* Roboto-Light.ttf */,
				05BCB8492B84B20200C27885 /* Roboto-Regular.ttf */,
				05BCB84A2B84B20200C27885 /* Roboto-MediumItalic.ttf */,
				05BCB84B2B84B20200C27885 /* Roboto-ThinItalic.ttf */,
				05BCB84C2B84B20200C27885 /* Roboto-BoldItalic.ttf */,
				05BCB84D2B84B20200C27885 /* Roboto-LightItalic.ttf */,
				05BCB84E2B84B20200C27885 /* Roboto-Italic.ttf */,
				05BCB84F2B84B20200C27885 /* LICENSE.txt */,
				05BCB8502B84B20200C27885 /* Roboto-BlackItalic.ttf */,
				05BCB8512B84B20200C27885 /* Roboto-Bold.ttf */,
				05BCB8522B84B20200C27885 /* Roboto-Thin.ttf */,
				05BCB8532B84B20200C27885 /* Roboto-Black.ttf */,
			);
			path = Roboto;
			sourceTree = "<group>";
		};
		05BCB8652B8608C600C27885 /* NavigationLayer */ = {
			isa = PBXGroup;
			children = (
				05BCB8672B8608E300C27885 /* Coordinators */,
				05BCB8662B8608D600C27885 /* Controllers */,
			);
			path = NavigationLayer;
			sourceTree = "<group>";
		};
		05BCB8662B8608D600C27885 /* Controllers */ = {
			isa = PBXGroup;
			children = (
				05BCB8762B866EBA00C27885 /* TabBarController.swift */,
			);
			path = Controllers;
			sourceTree = "<group>";
		};
		05BCB8672B8608E300C27885 /* Coordinators */ = {
			isa = PBXGroup;
			children = (
				05BCB8682B8608F700C27885 /* Coordinator.swift */,
				05BCB86A2B860D6600C27885 /* AppCoordinator.swift */,
				05BCB86C2B860EB700C27885 /* OnboardingCoordinator.swift */,
				05BCB86E2B866DE700C27885 /* HomeCoordinator.swift */,
				05BCB8702B866DF500C27885 /* OrderCoordinator.swift */,
				05BCB8722B866DFF00C27885 /* ListCoordinator.swift */,
				05BCB8742B866E1000C27885 /* ProfileCoordinator.swift */,
			);
			path = Coordinators;
			sourceTree = "<group>";
		};
		05BCB8782B87865C00C27885 /* UILayer */ = {
			isa = PBXGroup;
			children = (
				05BCB8792B87867E00C27885 /* Onboarding */,
			);
			path = UILayer;
			sourceTree = "<group>";
		};
		05BCB8792B87867E00C27885 /* Onboarding */ = {
			isa = PBXGroup;
			children = (
				05BCB87A2B8786A600C27885 /* OnboardingViewController.swift */,
				05BCB87C2B8786FA00C27885 /* OnboardingViewPresenter.swift */,
				05BCB87E2B879A0500C27885 /* OnboardingPartViewController.swift */,
			);
			path = Onboarding;
			sourceTree = "<group>";
		};
/* End PBXGroup section */

/* Begin PBXNativeTarget section */
		05BCB8272B84989700C27885 /* FoodDeliveryApp */ = {
			isa = PBXNativeTarget;
			buildConfigurationList = 05BCB83C2B8498B200C27885 /* Build configuration list for PBXNativeTarget "FoodDeliveryApp" */;
			buildPhases = (
				05BCB8242B84989700C27885 /* Sources */,
				05BCB8252B84989700C27885 /* Frameworks */,
				05BCB8262B84989700C27885 /* Resources */,
			);
			buildRules = (
			);
			dependencies = (
			);
			name = FoodDeliveryApp;
			productName = FoodDeliveryApp;
			productReference = 05BCB8282B84989700C27885 /* FoodDeliveryApp.app */;
			productType = "com.apple.product-type.application";
		};
/* End PBXNativeTarget section */

/* Begin PBXProject section */
		05BCB8202B84989700C27885 /* Project object */ = {
			isa = PBXProject;
			attributes = {
				BuildIndependentTargetsInParallel = 1;
				LastSwiftUpdateCheck = 1520;
				LastUpgradeCheck = 1520;
				TargetAttributes = {
					05BCB8272B84989700C27885 = {
						CreatedOnToolsVersion = 15.2;
					};
				};
			};
			buildConfigurationList = 05BCB8232B84989700C27885 /* Build configuration list for PBXProject "FoodDeliveryApp" */;
			compatibilityVersion = "Xcode 14.0";
			developmentRegion = en;
			hasScannedForEncodings = 0;
			knownRegions = (
				en,
				Base,
			);
			mainGroup = 05BCB81F2B84989700C27885;
			productRefGroup = 05BCB8292B84989700C27885 /* Products */;
			projectDirPath = "";
			projectRoot = "";
			targets = (
				05BCB8272B84989700C27885 /* FoodDeliveryApp */,
			);
		};
/* End PBXProject section */

/* Begin PBXResourcesBuildPhase section */
		05BCB8262B84989700C27885 /* Resources */ = {
			isa = PBXResourcesBuildPhase;
			buildActionMask = 2147483647;
			files = (
				05BCB85F2B84B20200C27885 /* Roboto-Thin.ttf in Resources */,
				05BCB85C2B84B20200C27885 /* LICENSE.txt in Resources */,
				05BCB8602B84B20200C27885 /* Roboto-Black.ttf in Resources */,
				05BCB85E2B84B20200C27885 /* Roboto-Bold.ttf in Resources */,
				05BCB8382B8498B200C27885 /* LaunchScreen.storyboard in Resources */,
				05BCB8352B8498B200C27885 /* Assets.xcassets in Resources */,
				05BCB8592B84B20200C27885 /* Roboto-BoldItalic.ttf in Resources */,
				05BCB8562B84B20200C27885 /* Roboto-Regular.ttf in Resources */,
				05BCB8582B84B20200C27885 /* Roboto-ThinItalic.ttf in Resources */,
				05BCB85A2B84B20200C27885 /* Roboto-LightItalic.ttf in Resources */,
				05BCB85D2B84B20200C27885 /* Roboto-BlackItalic.ttf in Resources */,
				05BCB8552B84B20200C27885 /* Roboto-Light.ttf in Resources */,
				05BCB85B2B84B20200C27885 /* Roboto-Italic.ttf in Resources */,
				05BCB8572B84B20200C27885 /* Roboto-MediumItalic.ttf in Resources */,
				05BCB8542B84B20200C27885 /* Roboto-Medium.ttf in Resources */,
			);
			runOnlyForDeploymentPostprocessing = 0;
		};
/* End PBXResourcesBuildPhase section */

/* Begin PBXSourcesBuildPhase section */
		05BCB8242B84989700C27885 /* Sources */ = {
			isa = PBXSourcesBuildPhase;
			buildActionMask = 2147483647;
			files = (
				05BCB8302B84989700C27885 /* ViewController.swift in Sources */,
				05BCB82C2B84989700C27885 /* AppDelegate.swift in Sources */,
				05BCB87F2B879A0600C27885 /* OnboardingPartViewController.swift in Sources */,
				05BCB8452B84A83400C27885 /* UIFont+Extension.swift in Sources */,
				05BCB8642B84B5FE00C27885 /* AppColors.swift in Sources */,
				05BCB86D2B860EB700C27885 /* OnboardingCoordinator.swift in Sources */,
				05BCB86B2B860D6600C27885 /* AppCoordinator.swift in Sources */,
				05BCB8712B866DF500C27885 /* OrderCoordinator.swift in Sources */,
				05BCB87B2B8786A600C27885 /* OnboardingViewController.swift in Sources */,
				05BCB82E2B84989700C27885 /* SceneDelegate.swift in Sources */,
				05BCB8752B866E1000C27885 /* ProfileCoordinator.swift in Sources */,
				05BCB8732B866DFF00C27885 /* ListCoordinator.swift in Sources */,
				05BCB86F2B866DE700C27885 /* HomeCoordinator.swift in Sources */,
				05BCB8772B866EBA00C27885 /* TabBarController.swift in Sources */,
				05BCB8622B84B4F600C27885 /* UIColor+Extension.swift in Sources */,
				05BCB87D2B8786FA00C27885 /* OnboardingViewPresenter.swift in Sources */,
				05BCB8692B8608F700C27885 /* Coordinator.swift in Sources */,
			);
			runOnlyForDeploymentPostprocessing = 0;
		};
/* End PBXSourcesBuildPhase section */

/* Begin PBXVariantGroup section */
		05BCB8362B8498B200C27885 /* LaunchScreen.storyboard */ = {
			isa = PBXVariantGroup;
			children = (
				05BCB8372B8498B200C27885 /* Base */,
			);
			name = LaunchScreen.storyboard;
			sourceTree = "<group>";
		};
/* End PBXVariantGroup section */

/* Begin XCBuildConfiguration section */
		05BCB83A2B8498B200C27885 /* Debug */ = {
			isa = XCBuildConfiguration;
			buildSettings = {
				ALWAYS_SEARCH_USER_PATHS = NO;
				ASSETCATALOG_COMPILER_GENERATE_SWIFT_ASSET_SYMBOL_EXTENSIONS = YES;
				CLANG_ANALYZER_NONNULL = YES;
				CLANG_ANALYZER_NUMBER_OBJECT_CONVERSION = YES_AGGRESSIVE;
				CLANG_CXX_LANGUAGE_STANDARD = "gnu++20";
				CLANG_ENABLE_MODULES = YES;
				CLANG_ENABLE_OBJC_ARC = YES;
				CLANG_ENABLE_OBJC_WEAK = YES;
				CLANG_WARN_BLOCK_CAPTURE_AUTORELEASING = YES;
				CLANG_WARN_BOOL_CONVERSION = YES;
				CLANG_WARN_COMMA = YES;
				CLANG_WARN_CONSTANT_CONVERSION = YES;
				CLANG_WARN_DEPRECATED_OBJC_IMPLEMENTATIONS = YES;
				CLANG_WARN_DIRECT_OBJC_ISA_USAGE = YES_ERROR;
				CLANG_WARN_DOCUMENTATION_COMMENTS = YES;
				CLANG_WARN_EMPTY_BODY = YES;
				CLANG_WARN_ENUM_CONVERSION = YES;
				CLANG_WARN_INFINITE_RECURSION = YES;
				CLANG_WARN_INT_CONVERSION = YES;
				CLANG_WARN_NON_LITERAL_NULL_CONVERSION = YES;
				CLANG_WARN_OBJC_IMPLICIT_RETAIN_SELF = YES;
				CLANG_WARN_OBJC_LITERAL_CONVERSION = YES;
				CLANG_WARN_OBJC_ROOT_CLASS = YES_ERROR;
				CLANG_WARN_QUOTED_INCLUDE_IN_FRAMEWORK_HEADER = YES;
				CLANG_WARN_RANGE_LOOP_ANALYSIS = YES;
				CLANG_WARN_STRICT_PROTOTYPES = YES;
				CLANG_WARN_SUSPICIOUS_MOVE = YES;
				CLANG_WARN_UNGUARDED_AVAILABILITY = YES_AGGRESSIVE;
				CLANG_WARN_UNREACHABLE_CODE = YES;
				CLANG_WARN__DUPLICATE_METHOD_MATCH = YES;
				COPY_PHASE_STRIP = NO;
				DEBUG_INFORMATION_FORMAT = dwarf;
				ENABLE_STRICT_OBJC_MSGSEND = YES;
				ENABLE_TESTABILITY = YES;
				ENABLE_USER_SCRIPT_SANDBOXING = YES;
				GCC_C_LANGUAGE_STANDARD = gnu17;
				GCC_DYNAMIC_NO_PIC = NO;
				GCC_NO_COMMON_BLOCKS = YES;
				GCC_OPTIMIZATION_LEVEL = 0;
				GCC_PREPROCESSOR_DEFINITIONS = (
					"DEBUG=1",
					"$(inherited)",
				);
				GCC_WARN_64_TO_32_BIT_CONVERSION = YES;
				GCC_WARN_ABOUT_RETURN_TYPE = YES_ERROR;
				GCC_WARN_UNDECLARED_SELECTOR = YES;
				GCC_WARN_UNINITIALIZED_AUTOS = YES_AGGRESSIVE;
				GCC_WARN_UNUSED_FUNCTION = YES;
				GCC_WARN_UNUSED_VARIABLE = YES;
				IPHONEOS_DEPLOYMENT_TARGET = 17.2;
				LOCALIZATION_PREFERS_STRING_CATALOGS = YES;
				MTL_ENABLE_DEBUG_INFO = INCLUDE_SOURCE;
				MTL_FAST_MATH = YES;
				ONLY_ACTIVE_ARCH = YES;
				SDKROOT = iphoneos;
				SWIFT_ACTIVE_COMPILATION_CONDITIONS = "DEBUG $(inherited)";
				SWIFT_OPTIMIZATION_LEVEL = "-Onone";
			};
			name = Debug;
		};
		05BCB83B2B8498B200C27885 /* Release */ = {
			isa = XCBuildConfiguration;
			buildSettings = {
				ALWAYS_SEARCH_USER_PATHS = NO;
				ASSETCATALOG_COMPILER_GENERATE_SWIFT_ASSET_SYMBOL_EXTENSIONS = YES;
				CLANG_ANALYZER_NONNULL = YES;
				CLANG_ANALYZER_NUMBER_OBJECT_CONVERSION = YES_AGGRESSIVE;
				CLANG_CXX_LANGUAGE_STANDARD = "gnu++20";
				CLANG_ENABLE_MODULES = YES;
				CLANG_ENABLE_OBJC_ARC = YES;
				CLANG_ENABLE_OBJC_WEAK = YES;
				CLANG_WARN_BLOCK_CAPTURE_AUTORELEASING = YES;
				CLANG_WARN_BOOL_CONVERSION = YES;
				CLANG_WARN_COMMA = YES;
				CLANG_WARN_CONSTANT_CONVERSION = YES;
				CLANG_WARN_DEPRECATED_OBJC_IMPLEMENTATIONS = YES;
				CLANG_WARN_DIRECT_OBJC_ISA_USAGE = YES_ERROR;
				CLANG_WARN_DOCUMENTATION_COMMENTS = YES;
				CLANG_WARN_EMPTY_BODY = YES;
				CLANG_WARN_ENUM_CONVERSION = YES;
				CLANG_WARN_INFINITE_RECURSION = YES;
				CLANG_WARN_INT_CONVERSION = YES;
				CLANG_WARN_NON_LITERAL_NULL_CONVERSION = YES;
				CLANG_WARN_OBJC_IMPLICIT_RETAIN_SELF = YES;
				CLANG_WARN_OBJC_LITERAL_CONVERSION = YES;
				CLANG_WARN_OBJC_ROOT_CLASS = YES_ERROR;
				CLANG_WARN_QUOTED_INCLUDE_IN_FRAMEWORK_HEADER = YES;
				CLANG_WARN_RANGE_LOOP_ANALYSIS = YES;
				CLANG_WARN_STRICT_PROTOTYPES = YES;
				CLANG_WARN_SUSPICIOUS_MOVE = YES;
				CLANG_WARN_UNGUARDED_AVAILABILITY = YES_AGGRESSIVE;
				CLANG_WARN_UNREACHABLE_CODE = YES;
				CLANG_WARN__DUPLICATE_METHOD_MATCH = YES;
				COPY_PHASE_STRIP = NO;
				DEBUG_INFORMATION_FORMAT = "dwarf-with-dsym";
				ENABLE_NS_ASSERTIONS = NO;
				ENABLE_STRICT_OBJC_MSGSEND = YES;
				ENABLE_USER_SCRIPT_SANDBOXING = YES;
				GCC_C_LANGUAGE_STANDARD = gnu17;
				GCC_NO_COMMON_BLOCKS = YES;
				GCC_WARN_64_TO_32_BIT_CONVERSION = YES;
				GCC_WARN_ABOUT_RETURN_TYPE = YES_ERROR;
				GCC_WARN_UNDECLARED_SELECTOR = YES;
				GCC_WARN_UNINITIALIZED_AUTOS = YES_AGGRESSIVE;
				GCC_WARN_UNUSED_FUNCTION = YES;
				GCC_WARN_UNUSED_VARIABLE = YES;
				IPHONEOS_DEPLOYMENT_TARGET = 17.2;
				LOCALIZATION_PREFERS_STRING_CATALOGS = YES;
				MTL_ENABLE_DEBUG_INFO = NO;
				MTL_FAST_MATH = YES;
				SDKROOT = iphoneos;
				SWIFT_COMPILATION_MODE = wholemodule;
				VALIDATE_PRODUCT = YES;
			};
			name = Release;
		};
		05BCB83D2B8498B200C27885 /* Debug */ = {
			isa = XCBuildConfiguration;
			buildSettings = {
				ASSETCATALOG_COMPILER_APPICON_NAME = AppIcon;
				ASSETCATALOG_COMPILER_GLOBAL_ACCENT_COLOR_NAME = AccentColor;
				CODE_SIGN_STYLE = Automatic;
				CURRENT_PROJECT_VERSION = 1;
				DEVELOPMENT_TEAM = KD8MD8KQBD;
				GENERATE_INFOPLIST_FILE = YES;
				INFOPLIST_FILE = FoodDeliveryApp/Info.plist;
				INFOPLIST_KEY_UIApplicationSupportsIndirectInputEvents = YES;
				INFOPLIST_KEY_UILaunchStoryboardName = LaunchScreen;
				INFOPLIST_KEY_UISupportedInterfaceOrientations_iPad = "UIInterfaceOrientationPortrait UIInterfaceOrientationPortraitUpsideDown UIInterfaceOrientationLandscapeLeft UIInterfaceOrientationLandscapeRight";
				INFOPLIST_KEY_UISupportedInterfaceOrientations_iPhone = "UIInterfaceOrientationPortrait UIInterfaceOrientationLandscapeLeft UIInterfaceOrientationLandscapeRight";
				LD_RUNPATH_SEARCH_PATHS = (
					"$(inherited)",
					"@executable_path/Frameworks",
				);
				MARKETING_VERSION = 1.0;
				PRODUCT_BUNDLE_IDENTIFIER = pshkltsk.FoodDeliveryApp;
				PRODUCT_NAME = "$(TARGET_NAME)";
				SWIFT_EMIT_LOC_STRINGS = YES;
				SWIFT_VERSION = 5.0;
				TARGETED_DEVICE_FAMILY = "1,2";
			};
			name = Debug;
		};
		05BCB83E2B8498B200C27885 /* Release */ = {
			isa = XCBuildConfiguration;
			buildSettings = {
				ASSETCATALOG_COMPILER_APPICON_NAME = AppIcon;
				ASSETCATALOG_COMPILER_GLOBAL_ACCENT_COLOR_NAME = AccentColor;
				CODE_SIGN_STYLE = Automatic;
				CURRENT_PROJECT_VERSION = 1;
				DEVELOPMENT_TEAM = KD8MD8KQBD;
				GENERATE_INFOPLIST_FILE = YES;
				INFOPLIST_FILE = FoodDeliveryApp/Info.plist;
				INFOPLIST_KEY_UIApplicationSupportsIndirectInputEvents = YES;
				INFOPLIST_KEY_UILaunchStoryboardName = LaunchScreen;
				INFOPLIST_KEY_UISupportedInterfaceOrientations_iPad = "UIInterfaceOrientationPortrait UIInterfaceOrientationPortraitUpsideDown UIInterfaceOrientationLandscapeLeft UIInterfaceOrientationLandscapeRight";
				INFOPLIST_KEY_UISupportedInterfaceOrientations_iPhone = "UIInterfaceOrientationPortrait UIInterfaceOrientationLandscapeLeft UIInterfaceOrientationLandscapeRight";
				LD_RUNPATH_SEARCH_PATHS = (
					"$(inherited)",
					"@executable_path/Frameworks",
				);
				MARKETING_VERSION = 1.0;
				PRODUCT_BUNDLE_IDENTIFIER = pshkltsk.FoodDeliveryApp;
				PRODUCT_NAME = "$(TARGET_NAME)";
				SWIFT_EMIT_LOC_STRINGS = YES;
				SWIFT_VERSION = 5.0;
				TARGETED_DEVICE_FAMILY = "1,2";
			};
			name = Release;
		};
/* End XCBuildConfiguration section */

/* Begin XCConfigurationList section */
		05BCB8232B84989700C27885 /* Build configuration list for PBXProject "FoodDeliveryApp" */ = {
			isa = XCConfigurationList;
			buildConfigurations = (
				05BCB83A2B8498B200C27885 /* Debug */,
				05BCB83B2B8498B200C27885 /* Release */,
			);
			defaultConfigurationIsVisible = 0;
			defaultConfigurationName = Release;
		};
		05BCB83C2B8498B200C27885 /* Build configuration list for PBXNativeTarget "FoodDeliveryApp" */ = {
			isa = XCConfigurationList;
			buildConfigurations = (
				05BCB83D2B8498B200C27885 /* Debug */,
				05BCB83E2B8498B200C27885 /* Release */,
			);
			defaultConfigurationIsVisible = 0;
			defaultConfigurationName = Release;
		};
/* End XCConfigurationList section */
	};
	rootObject = 05BCB8202B84989700C27885 /* Project object */;
}
